
Microsoft Visual Studio Solution File, Format Version 12.00
# Visual Studio Version 16
VisualStudioVersion = 16.0.28803.352
MinimumVisualStudioVersion = 10.0.40219.1
Project("{FAE04EC0-301F-11D3-BF4B-00C04F79EFBC}") = "MonsterPyramid", "MonsterPyramid\MonsterPyramid.csproj", "{A9C98808-D5DD-43F4-BCD4-01EADDBA7C7F}"
EndProject
Global
	GlobalSection(SolutionConfigurationPlatforms) = preSolution
		Debug|Any CPU = Debug|Any CPU
		Release|Any CPU = Release|Any CPU
	EndGlobalSection
	GlobalSection(ProjectConfigurationPlatforms) = postSolution
		{A9C98808-D5DD-43F4-BCD4-01EADDBA7C7F}.Debug|Any CPU.ActiveCfg = Debug|Any CPU
		{A9C98808-D5DD-43F4-BCD4-01EADDBA7C7F}.Debug|Any CPU.Build.0 = Debug|Any CPU
		{A9C98808-D5DD-43F4-BCD4-01EADDBA7C7F}.Release|Any CPU.ActiveCfg = Release|Any CPU
		{A9C98808-D5DD-43F4-BCD4-01EADDBA7C7F}.Release|Any CPU.Build.0 = Release|Any CPU
	EndGlobalSection
	GlobalSection(SolutionProperties) = preSolution
		HideSolutionNode = FALSE
	EndGlobalSection
	GlobalSection(ExtensibilityGlobals) = postSolution
		SolutionGuid = {60E8EBBC-2AF9-46B7-8181-E3BF67C0BC34}
	EndGlobalSection
EndGlobal
